
Microsoft Visual Studio Solution File, Format Version 12.00
# Visual Studio 2013
VisualStudioVersion = 12.0.21005.1
MinimumVisualStudioVersion = 10.0.40219.1
Project("{FAE04EC0-301F-11D3-BF4B-00C04F79EFBC}") = "EzPim.Entity", "EzPim.Entity\EzPim.Entity.csproj", "{C9BB4DF7-B294-4C1E-93E7-252E94402CE4}"
EndProject
Project("{FAE04EC0-301F-11D3-BF4B-00C04F79EFBC}") = "EzPim.Biz", "EzPim.Biz\EzPim.Biz.csproj", "{94E38C09-108D-4829-BD17-3D775D5FE0A1}"
EndProject
Project("{FAE04EC0-301F-11D3-BF4B-00C04F79EFBC}") = "EzPim.Web", "EzPim.Web\EzPim.Web.csproj", "{6913E727-F3F2-420C-8124-187317C7CB41}"
EndProject
Project("{2150E333-8FDC-42A3-9474-1A3956D46DE8}") = "1.App", "1.App", "{544BCBC3-5307-4005-8AD5-FFC6745D9572}"
EndProject
Project("{2150E333-8FDC-42A3-9474-1A3956D46DE8}") = "2.Business", "2.Business", "{5F5C5B1D-48C9-410C-8459-06B90B2A5A4B}"
EndProject
Global
	GlobalSection(SolutionConfigurationPlatforms) = preSolution
		Debug|Any CPU = Debug|Any CPU
		Release|Any CPU = Release|Any CPU
	EndGlobalSection
	GlobalSection(ProjectConfigurationPlatforms) = postSolution
		{C9BB4DF7-B294-4C1E-93E7-252E94402CE4}.Debug|Any CPU.ActiveCfg = Debug|Any CPU
		{C9BB4DF7-B294-4C1E-93E7-252E94402CE4}.Debug|Any CPU.Build.0 = Debug|Any CPU
		{C9BB4DF7-B294-4C1E-93E7-252E94402CE4}.Release|Any CPU.ActiveCfg = Release|Any CPU
		{C9BB4DF7-B294-4C1E-93E7-252E94402CE4}.Release|Any CPU.Build.0 = Release|Any CPU
		{94E38C09-108D-4829-BD17-3D775D5FE0A1}.Debug|Any CPU.ActiveCfg = Debug|Any CPU
		{94E38C09-108D-4829-BD17-3D775D5FE0A1}.Debug|Any CPU.Build.0 = Debug|Any CPU
		{94E38C09-108D-4829-BD17-3D775D5FE0A1}.Release|Any CPU.ActiveCfg = Release|Any CPU
		{94E38C09-108D-4829-BD17-3D775D5FE0A1}.Release|Any CPU.Build.0 = Release|Any CPU
		{6913E727-F3F2-420C-8124-187317C7CB41}.Debug|Any CPU.ActiveCfg = Debug|Any CPU
		{6913E727-F3F2-420C-8124-187317C7CB41}.Debug|Any CPU.Build.0 = Debug|Any CPU
		{6913E727-F3F2-420C-8124-187317C7CB41}.Release|Any CPU.ActiveCfg = Release|Any CPU
		{6913E727-F3F2-420C-8124-187317C7CB41}.Release|Any CPU.Build.0 = Release|Any CPU
	EndGlobalSection
	GlobalSection(SolutionProperties) = preSolution
		HideSolutionNode = FALSE
	EndGlobalSection
	GlobalSection(NestedProjects) = preSolution
		{6913E727-F3F2-420C-8124-187317C7CB41} = {544BCBC3-5307-4005-8AD5-FFC6745D9572}
		{94E38C09-108D-4829-BD17-3D775D5FE0A1} = {5F5C5B1D-48C9-410C-8459-06B90B2A5A4B}
		{C9BB4DF7-B294-4C1E-93E7-252E94402CE4} = {5F5C5B1D-48C9-410C-8459-06B90B2A5A4B}
	EndGlobalSection
EndGlobal
